
Microsoft Visual Studio Solution File, Format Version 12.00
# Visual Studio Version 17
VisualStudioVersion = 17.7.34031.279
MinimumVisualStudioVersion = 10.0.40219.1
Project("{FAE04EC0-301F-11D3-BF4B-00C04F79EFBC}") = "Zadanie2", "Zadanie2\Zadanie2.csproj", "{99E1FC9D-5806-4064-8C6D-D2FF375260FF}"
EndProject
Global
	GlobalSection(SolutionConfigurationPlatforms) = preSolution
		Debug|Any CPU = Debug|Any CPU
		Release|Any CPU = Release|Any CPU
	EndGlobalSection
	GlobalSection(ProjectConfigurationPlatforms) = postSolution
		{99E1FC9D-5806-4064-8C6D-D2FF375260FF}.Debug|Any CPU.ActiveCfg = Debug|Any CPU
		{99E1FC9D-5806-4064-8C6D-D2FF375260FF}.Debug|Any CPU.Build.0 = Debug|Any CPU
		{99E1FC9D-5806-4064-8C6D-D2FF375260FF}.Release|Any CPU.ActiveCfg = Release|Any CPU
		{99E1FC9D-5806-4064-8C6D-D2FF375260FF}.Release|Any CPU.Build.0 = Release|Any CPU
	EndGlobalSection
	GlobalSection(SolutionProperties) = preSolution
		HideSolutionNode = FALSE
	EndGlobalSection
	GlobalSection(ExtensibilityGlobals) = postSolution
		SolutionGuid = {0E143E57-7619-4BB8-AA1F-DFA1E67AD88F}
	EndGlobalSection
EndGlobal
